
Microsoft Visual Studio Solution File, Format Version 12.00
# Visual Studio Version 17
VisualStudioVersion = 17.6.33723.286
MinimumVisualStudioVersion = 10.0.40219.1
Project("{9A19103F-16F7-4668-BE54-9A1E7A4F7556}") = "WEB2-Projekat", "WEB2-Projekat\WEB2-Projekat.csproj", "{243C94CE-4778-49C0-AB54-40A255D2F4E8}"
EndProject
Project("{FAE04EC0-301F-11D3-BF4B-00C04F79EFBC}") = "Business", "Business\Business.csproj", "{7E78FA78-8AB7-44B3-9DEC-888BB80FB6A8}"
EndProject
Project("{FAE04EC0-301F-11D3-BF4B-00C04F79EFBC}") = "Data", "Data\Data.csproj", "{0F41B437-4BA8-439B-9DC7-82BA4DDF7C64}"
EndProject
Project("{FAE04EC0-301F-11D3-BF4B-00C04F79EFBC}") = "Shared", "Shared\Shared.csproj", "{040939A0-C5F5-406E-8C96-89E3CBDFE5B7}"
EndProject
Global
	GlobalSection(SolutionConfigurationPlatforms) = preSolution
		Debug|Any CPU = Debug|Any CPU
		Release|Any CPU = Release|Any CPU
	EndGlobalSection
	GlobalSection(ProjectConfigurationPlatforms) = postSolution
		{243C94CE-4778-49C0-AB54-40A255D2F4E8}.Debug|Any CPU.ActiveCfg = Debug|Any CPU
		{243C94CE-4778-49C0-AB54-40A255D2F4E8}.Debug|Any CPU.Build.0 = Debug|Any CPU
		{243C94CE-4778-49C0-AB54-40A255D2F4E8}.Release|Any CPU.ActiveCfg = Release|Any CPU
		{243C94CE-4778-49C0-AB54-40A255D2F4E8}.Release|Any CPU.Build.0 = Release|Any CPU
		{7E78FA78-8AB7-44B3-9DEC-888BB80FB6A8}.Debug|Any CPU.ActiveCfg = Debug|Any CPU
		{7E78FA78-8AB7-44B3-9DEC-888BB80FB6A8}.Debug|Any CPU.Build.0 = Debug|Any CPU
		{7E78FA78-8AB7-44B3-9DEC-888BB80FB6A8}.Release|Any CPU.ActiveCfg = Release|Any CPU
		{7E78FA78-8AB7-44B3-9DEC-888BB80FB6A8}.Release|Any CPU.Build.0 = Release|Any CPU
		{0F41B437-4BA8-439B-9DC7-82BA4DDF7C64}.Debug|Any CPU.ActiveCfg = Debug|Any CPU
		{0F41B437-4BA8-439B-9DC7-82BA4DDF7C64}.Debug|Any CPU.Build.0 = Debug|Any CPU
		{0F41B437-4BA8-439B-9DC7-82BA4DDF7C64}.Release|Any CPU.ActiveCfg = Release|Any CPU
		{0F41B437-4BA8-439B-9DC7-82BA4DDF7C64}.Release|Any CPU.Build.0 = Release|Any CPU
		{040939A0-C5F5-406E-8C96-89E3CBDFE5B7}.Debug|Any CPU.ActiveCfg = Debug|Any CPU
		{040939A0-C5F5-406E-8C96-89E3CBDFE5B7}.Debug|Any CPU.Build.0 = Debug|Any CPU
		{040939A0-C5F5-406E-8C96-89E3CBDFE5B7}.Release|Any CPU.ActiveCfg = Release|Any CPU
		{040939A0-C5F5-406E-8C96-89E3CBDFE5B7}.Release|Any CPU.Build.0 = Release|Any CPU
	EndGlobalSection
	GlobalSection(SolutionProperties) = preSolution
		HideSolutionNode = FALSE
	EndGlobalSection
	GlobalSection(ExtensibilityGlobals) = postSolution
		SolutionGuid = {FA6A601C-7A63-437B-ADD6-583946DD5D3D}
	EndGlobalSection
EndGlobal
